{
  "name": "KarlemINKosmos",
  "lockfileVersion": 3,
  "requires": true,
  "packages": {
    "": {
      "dependencies": {
        "three": "^0.134.0",
        "troisjs": "^0.3.4"
      }
    },
    "node_modules/three": {
      "version": "0.134.0",
      "resolved": "https://registry.npmjs.org/three/-/three-0.134.0.tgz",
      "integrity": "sha512-LbBerg7GaSPjYtTOnu41AMp7tV6efUNR3p4Wk5NzkSsNTBuA5mDGOfwwZL1jhhVMLx9V20HolIUo0+U3AXehbg=="
    },
    "node_modules/troisjs": {
      "version": "0.3.4",
      "resolved": "https://registry.npmjs.org/troisjs/-/troisjs-0.3.4.tgz",
      "integrity": "sha512-aonG2lw+QyTjytJpvYIaGv2AiIKzm+eSYT4ByG64uVh+jCLAWxnblS6bCewIckvCMqs2j3z351Q/IFIPWYViCQ=="
    }
  }
}
